// !$*UTF8*$!
{
	archiveVersion = 1;
	classes = {
	};
	objectVersion = 46;
	objects = {

/* Begin PBXBuildFile section */
		5C66D6761C40C8EB0041AAB4 /* main.swift in Sources */ = {isa = PBXBuildFile; fileRef = 5CB87EE71C40A30D003C042F /* main.swift */; };
		5CB87F291C40AB78003C042F /* SDL2.framework in Frameworks */ = {isa = PBXBuildFile; fileRef = 5CB87EF61C40A31F003C042F /* SDL2.framework */; };
/* End PBXBuildFile section */

/* Begin PBXContainerItemProxy section */
		5CB87EF51C40A31F003C042F /* PBXContainerItemProxy */ = {
			isa = PBXContainerItemProxy;
			containerPortal = 5CB87EEE1C40A31F003C042F /* SDL.xcodeproj */;
			proxyType = 2;
			remoteGlobalIDString = BECDF66C0761BA81005FE872;
			remoteInfo = Framework;
		};
		5CB87EF71C40A31F003C042F /* PBXContainerItemProxy */ = {
			isa = PBXContainerItemProxy;
			containerPortal = 5CB87EEE1C40A31F003C042F /* SDL.xcodeproj */;
			proxyType = 2;
			remoteGlobalIDString = BECDF6B30761BA81005FE872;
			remoteInfo = "Static Library";
		};
		5CB87EF91C40A31F003C042F /* PBXContainerItemProxy */ = {
			isa = PBXContainerItemProxy;
			containerPortal = 5CB87EEE1C40A31F003C042F /* SDL.xcodeproj */;
			proxyType = 2;
			remoteGlobalIDString = DB31407717554B71006C0E22;
			remoteInfo = "Shared Library";
		};
		5CB87EFB1C40A31F003C042F /* PBXContainerItemProxy */ = {
			isa = PBXContainerItemProxy;
			containerPortal = 5CB87EEE1C40A31F003C042F /* SDL.xcodeproj */;
			proxyType = 2;
			remoteGlobalIDString = BECDF6BE0761BA81005FE872;
			remoteInfo = "Standard DMG";
		};
		5CB87F2A1C40AB7E003C042F /* PBXContainerItemProxy */ = {
			isa = PBXContainerItemProxy;
			containerPortal = 5CB87EEE1C40A31F003C042F /* SDL.xcodeproj */;
			proxyType = 1;
			remoteGlobalIDString = BECDF5FE0761BA81005FE872;
			remoteInfo = Framework;
		};
/* End PBXContainerItemProxy section */

/* Begin PBXCopyFilesBuildPhase section */
		5CB87EE21C40A30D003C042F /* CopyFiles */ = {
			isa = PBXCopyFilesBuildPhase;
			buildActionMask = 12;
			dstPath = "";
			dstSubfolderSpec = 10;
			files = (
			);
			runOnlyForDeploymentPostprocessing = 0;
		};
/* End PBXCopyFilesBuildPhase section */

/* Begin PBXFileReference section */
		5CB87EE41C40A30D003C042F /* Testumgebung */ = {isa = PBXFileReference; explicitFileType = "compiled.mach-o.executable"; includeInIndex = 0; path = Testumgebung; sourceTree = BUILT_PRODUCTS_DIR; };
		5CB87EE71C40A30D003C042F /* main.swift */ = {isa = PBXFileReference; lastKnownFileType = sourcecode.swift; path = main.swift; sourceTree = "<group>"; };
		5CB87EEE1C40A31F003C042F /* SDL.xcodeproj */ = {isa = PBXFileReference; lastKnownFileType = "wrapper.pb-project"; name = SDL.xcodeproj; path = "../../Downloads/SDL2-2.0.4/Xcode/SDL/SDL.xcodeproj"; sourceTree = "<group>"; };
/* End PBXFileReference section */

/* Begin PBXFrameworksBuildPhase section */
		5CB87EE11C40A30D003C042F /* Frameworks */ = {
			isa = PBXFrameworksBuildPhase;
			buildActionMask = 2147483647;
			files = (
				5CB87F291C40AB78003C042F /* SDL2.framework in Frameworks */,
			);
			runOnlyForDeploymentPostprocessing = 0;
		};
/* End PBXFrameworksBuildPhase section */

/* Begin PBXGroup section */
		5CB87EDB1C40A30D003C042F = {
			isa = PBXGroup;
			children = (
				5CB87EE61C40A30D003C042F /* Testumgebung */,
				5CB87EE51C40A30D003C042F /* Products */,
				5CB87EEE1C40A31F003C042F /* SDL.xcodeproj */,
			);
			sourceTree = "<group>";
		};
		5CB87EE51C40A30D003C042F /* Products */ = {
			isa = PBXGroup;
			children = (
				5CB87EE41C40A30D003C042F /* Testumgebung */,
			);
			name = Products;
			sourceTree = "<group>";
		};
		5CB87EE61C40A30D003C042F /* Testumgebung */ = {
			isa = PBXGroup;
			children = (
				5CB87EE71C40A30D003C042F /* main.swift */,
			);
			path = Testumgebung;
			sourceTree = "<group>";
		};
		5CB87EEF1C40A31F003C042F /* Products */ = {
			isa = PBXGroup;
			children = (
				5CB87EF61C40A31F003C042F /* SDL2.framework */,
				5CB87EF81C40A31F003C042F /* libSDL2.a */,
				5CB87EFA1C40A31F003C042F /* libSDL2.dylib */,
				5CB87EFC1C40A31F003C042F /* Standard DMG */,
			);
			name = Products;
			sourceTree = "<group>";
		};
/* End PBXGroup section */

/* Begin PBXNativeTarget section */
		5CB87EE31C40A30D003C042F /* Testumgebung */ = {
			isa = PBXNativeTarget;
			buildConfigurationList = 5CB87EEB1C40A30D003C042F /* Build configuration list for PBXNativeTarget "Testumgebung" */;
			buildPhases = (
				5CB87EE01C40A30D003C042F /* Sources */,
				5CB87EE11C40A30D003C042F /* Frameworks */,
				5CB87EE21C40A30D003C042F /* CopyFiles */,
			);
			buildRules = (
			);
			dependencies = (
				5CB87F2B1C40AB7E003C042F /* PBXTargetDependency */,
			);
			name = Testumgebung;
			productName = Testumgebung;
			productReference = 5CB87EE41C40A30D003C042F /* Testumgebung */;
			productType = "com.apple.product-type.tool";
		};
/* End PBXNativeTarget section */

/* Begin PBXProject section */
		5CB87EDC1C40A30D003C042F /* Project object */ = {
			isa = PBXProject;
			attributes = {
				LastSwiftUpdateCheck = 0720;
				LastUpgradeCheck = 0720;
				ORGANIZATIONNAME = "Geordie Jay";
				TargetAttributes = {
					5CB87EE31C40A30D003C042F = {
						CreatedOnToolsVersion = 7.2;
					};
				};
			};
			buildConfigurationList = 5CB87EDF1C40A30D003C042F /* Build configuration list for PBXProject "Testumgebung" */;
			compatibilityVersion = "Xcode 3.2";
			developmentRegion = English;
			hasScannedForEncodings = 0;
			knownRegions = (
				en,
				Base,
			);
			mainGroup = 5CB87EDB1C40A30D003C042F;
			productRefGroup = 5CB87EE51C40A30D003C042F /* Products */;
			projectDirPath = "";
			projectReferences = (
				{
					ProductGroup = 5CB87EEF1C40A31F003C042F /* Products */;
					ProjectRef = 5CB87EEE1C40A31F003C042F /* SDL.xcodeproj */;
				},
			);
			projectRoot = "";
			targets = (
				5CB87EE31C40A30D003C042F /* Testumgebung */,
			);
		};
/* End PBXProject section */

/* Begin PBXReferenceProxy section */
		5CB87EF61C40A31F003C042F /* SDL2.framework */ = {
			isa = PBXReferenceProxy;
			fileType = wrapper.framework;
			path = SDL2.framework;
			remoteRef = 5CB87EF51C40A31F003C042F /* PBXContainerItemProxy */;
			sourceTree = BUILT_PRODUCTS_DIR;
		};
		5CB87EF81C40A31F003C042F /* libSDL2.a */ = {
			isa = PBXReferenceProxy;
			fileType = archive.ar;
			path = libSDL2.a;
			remoteRef = 5CB87EF71C40A31F003C042F /* PBXContainerItemProxy */;
			sourceTree = BUILT_PRODUCTS_DIR;
		};
		5CB87EFA1C40A31F003C042F /* libSDL2.dylib */ = {
			isa = PBXReferenceProxy;
			fileType = "compiled.mach-o.dylib";
			path = libSDL2.dylib;
			remoteRef = 5CB87EF91C40A31F003C042F /* PBXContainerItemProxy */;
			sourceTree = BUILT_PRODUCTS_DIR;
		};
		5CB87EFC1C40A31F003C042F /* Standard DMG */ = {
			isa = PBXReferenceProxy;
			fileType = "compiled.mach-o.executable";
			path = "Standard DMG";
			remoteRef = 5CB87EFB1C40A31F003C042F /* PBXContainerItemProxy */;
			sourceTree = BUILT_PRODUCTS_DIR;
		};
/* End PBXReferenceProxy section */

/* Begin PBXSourcesBuildPhase section */
		5CB87EE01C40A30D003C042F /* Sources */ = {
			isa = PBXSourcesBuildPhase;
			buildActionMask = 2147483647;
			files = (
				5C66D6761C40C8EB0041AAB4 /* main.swift in Sources */,
			);
			runOnlyForDeploymentPostprocessing = 0;
		};
/* End PBXSourcesBuildPhase section */

/* Begin PBXTargetDependency section */
		5CB87F2B1C40AB7E003C042F /* PBXTargetDependency */ = {
			isa = PBXTargetDependency;
			name = Framework;
			targetProxy = 5CB87F2A1C40AB7E003C042F /* PBXContainerItemProxy */;
		};
/* End PBXTargetDependency section */

/* Begin XCBuildConfiguration section */
		5CB87EE91C40A30D003C042F /* Debug */ = {
			isa = XCBuildConfiguration;
			buildSettings = {
				ALWAYS_SEARCH_USER_PATHS = NO;
				CLANG_CXX_LANGUAGE_STANDARD = "gnu++0x";
				CLANG_CXX_LIBRARY = "libc++";
				CLANG_ENABLE_MODULES = YES;
				CLANG_ENABLE_OBJC_ARC = YES;
				CLANG_WARN_BOOL_CONVERSION = YES;
				CLANG_WARN_CONSTANT_CONVERSION = YES;
				CLANG_WARN_DIRECT_OBJC_ISA_USAGE = YES_ERROR;
				CLANG_WARN_EMPTY_BODY = YES;
				CLANG_WARN_ENUM_CONVERSION = YES;
				CLANG_WARN_INT_CONVERSION = YES;
				CLANG_WARN_OBJC_ROOT_CLASS = YES_ERROR;
				CLANG_WARN_UNREACHABLE_CODE = YES;
				CLANG_WARN__DUPLICATE_METHOD_MATCH = YES;
				CODE_SIGN_IDENTITY = "-";
				COPY_PHASE_STRIP = NO;
				DEBUG_INFORMATION_FORMAT = dwarf;
				ENABLE_STRICT_OBJC_MSGSEND = YES;
				ENABLE_TESTABILITY = YES;
				GCC_C_LANGUAGE_STANDARD = gnu99;
				GCC_DYNAMIC_NO_PIC = NO;
				GCC_NO_COMMON_BLOCKS = YES;
				GCC_OPTIMIZATION_LEVEL = 0;
				GCC_PREPROCESSOR_DEFINITIONS = (
					"DEBUG=1",
					"$(inherited)",
				);
				GCC_WARN_64_TO_32_BIT_CONVERSION = YES;
				GCC_WARN_ABOUT_RETURN_TYPE = YES_ERROR;
				GCC_WARN_UNDECLARED_SELECTOR = YES;
				GCC_WARN_UNINITIALIZED_AUTOS = YES_AGGRESSIVE;
				GCC_WARN_UNUSED_FUNCTION = YES;
				GCC_WARN_UNUSED_VARIABLE = YES;
				MACOSX_DEPLOYMENT_TARGET = 10.11;
				MTL_ENABLE_DEBUG_INFO = YES;
				ONLY_ACTIVE_ARCH = YES;
				SDKROOT = macosx;
				SWIFT_OPTIMIZATION_LEVEL = "-Onone";
			};
			name = Debug;
		};
		5CB87EEA1C40A30D003C042F /* Release */ = {
			isa = XCBuildConfiguration;
			buildSettings = {
				ALWAYS_SEARCH_USER_PATHS = NO;
				CLANG_CXX_LANGUAGE_STANDARD = "gnu++0x";
				CLANG_CXX_LIBRARY = "libc++";
				CLANG_ENABLE_MODULES = YES;
				CLANG_ENABLE_OBJC_ARC = YES;
				CLANG_WARN_BOOL_CONVERSION = YES;
				CLANG_WARN_CONSTANT_CONVERSION = YES;
				CLANG_WARN_DIRECT_OBJC_ISA_USAGE = YES_ERROR;
				CLANG_WARN_EMPTY_BODY = YES;
				CLANG_WARN_ENUM_CONVERSION = YES;
				CLANG_WARN_INT_CONVERSION = YES;
				CLANG_WARN_OBJC_ROOT_CLASS = YES_ERROR;
				CLANG_WARN_UNREACHABLE_CODE = YES;
				CLANG_WARN__DUPLICATE_METHOD_MATCH = YES;
				CODE_SIGN_IDENTITY = "-";
				COPY_PHASE_STRIP = NO;
				DEBUG_INFORMATION_FORMAT = "dwarf-with-dsym";
				ENABLE_NS_ASSERTIONS = NO;
				ENABLE_STRICT_OBJC_MSGSEND = YES;
				GCC_C_LANGUAGE_STANDARD = gnu99;
				GCC_NO_COMMON_BLOCKS = YES;
				GCC_WARN_64_TO_32_BIT_CONVERSION = YES;
				GCC_WARN_ABOUT_RETURN_TYPE = YES_ERROR;
				GCC_WARN_UNDECLARED_SELECTOR = YES;
				GCC_WARN_UNINITIALIZED_AUTOS = YES_AGGRESSIVE;
				GCC_WARN_UNUSED_FUNCTION = YES;
				GCC_WARN_UNUSED_VARIABLE = YES;
				MACOSX_DEPLOYMENT_TARGET = 10.11;
				MTL_ENABLE_DEBUG_INFO = NO;
				SDKROOT = macosx;
			};
			name = Release;
		};
		5CB87EEC1C40A30D003C042F /* Debug */ = {
			isa = XCBuildConfiguration;
			buildSettings = {
				CLANG_ENABLE_MODULES = YES;
				FRAMEWORK_SEARCH_PATHS = "@rpath";
				IPHONEOS_DEPLOYMENT_TARGET = 9.2;
				LD_RUNPATH_SEARCH_PATHS = "$(inherited) @executable_path/../Frameworks @loader_path/../Frameworks";
				PRODUCT_NAME = "$(TARGET_NAME)";
				SWIFT_OPTIMIZATION_LEVEL = "-Onone";
				TVOS_DEPLOYMENT_TARGET = 9.1;
				WATCHOS_DEPLOYMENT_TARGET = 2.1;
			};
			name = Debug;
		};
		5CB87EED1C40A30D003C042F /* Release */ = {
			isa = XCBuildConfiguration;
			buildSettings = {
				CLANG_ENABLE_MODULES = YES;
				FRAMEWORK_SEARCH_PATHS = "@rpath";
				IPHONEOS_DEPLOYMENT_TARGET = 9.2;
				LD_RUNPATH_SEARCH_PATHS = "$(inherited) @executable_path/../Frameworks @loader_path/../Frameworks";
				PRODUCT_NAME = "$(TARGET_NAME)";
				TVOS_DEPLOYMENT_TARGET = 9.1;
				WATCHOS_DEPLOYMENT_TARGET = 2.1;
			};
			name = Release;
		};
/* End XCBuildConfiguration section */

/* Begin XCConfigurationList section */
		5CB87EDF1C40A30D003C042F /* Build configuration list for PBXProject "Testumgebung" */ = {
			isa = XCConfigurationList;
			buildConfigurations = (
				5CB87EE91C40A30D003C042F /* Debug */,
				5CB87EEA1C40A30D003C042F /* Release */,
			);
			defaultConfigurationIsVisible = 0;
			defaultConfigurationName = Release;
		};
		5CB87EEB1C40A30D003C042F /* Build configuration list for PBXNativeTarget "Testumgebung" */ = {
			isa = XCConfigurationList;
			buildConfigurations = (
				5CB87EEC1C40A30D003C042F /* Debug */,
				5CB87EED1C40A30D003C042F /* Release */,
			);
			defaultConfigurationIsVisible = 0;
			defaultConfigurationName = Release;
		};
/* End XCConfigurationList section */
	};
	rootObject = 5CB87EDC1C40A30D003C042F /* Project object */;
}
